
Microsoft Visual Studio Solution File, Format Version 12.00
# Visual Studio Version 17
VisualStudioVersion = 17.14.36623.8 d17.14
MinimumVisualStudioVersion = 10.0.40219.1
Project("{FAE04EC0-301F-11D3-BF4B-00C04F79EFBC}") = "Coink", "Coink.csproj", "{5F9CEF53-8BC1-40CD-B3E8-933AE399317E}"
EndProject
Global
	GlobalSection(SolutionConfigurationPlatforms) = preSolution
		Debug|Any CPU = Debug|Any CPU
		Release|Any CPU = Release|Any CPU
	EndGlobalSection
	GlobalSection(ProjectConfigurationPlatforms) = postSolution
		{5F9CEF53-8BC1-40CD-B3E8-933AE399317E}.Debug|Any CPU.ActiveCfg = Debug|Any CPU
		{5F9CEF53-8BC1-40CD-B3E8-933AE399317E}.Debug|Any CPU.Build.0 = Debug|Any CPU
		{5F9CEF53-8BC1-40CD-B3E8-933AE399317E}.Release|Any CPU.ActiveCfg = Release|Any CPU
		{5F9CEF53-8BC1-40CD-B3E8-933AE399317E}.Release|Any CPU.Build.0 = Release|Any CPU
	EndGlobalSection
	GlobalSection(SolutionProperties) = preSolution
		HideSolutionNode = FALSE
	EndGlobalSection
	GlobalSection(ExtensibilityGlobals) = postSolution
		SolutionGuid = {69D2DC96-59CD-4066-8938-FC800CC965B5}
	EndGlobalSection
EndGlobal
